
Microsoft Visual Studio Solution File, Format Version 12.00
# Visual Studio Version 16
VisualStudioVersion = 25.0.1706.11
MinimumVisualStudioVersion = 10.0.40219.1
Project("{FAE04EC0-301F-11D3-BF4B-00C04F79EFBC}") = "dummy-CRUD", "dummy-CRUD\dummy-CRUD.csproj", "{EE59621B-C43E-47EA-8F99-4CB9D793765A}"
EndProject
Project("{FAE04EC0-301F-11D3-BF4B-00C04F79EFBC}") = "WebService", "..\..\workdir\pertamina\hello-vault-dotnet\sample-app\WebService\WebService.csproj", "{4CFE1892-78A4-4041-96D8-A727058D0021}"
EndProject
Global
	GlobalSection(SolutionConfigurationPlatforms) = preSolution
		Debug|Any CPU = Debug|Any CPU
		Release|Any CPU = Release|Any CPU
	EndGlobalSection
	GlobalSection(ProjectConfigurationPlatforms) = postSolution
		{EE59621B-C43E-47EA-8F99-4CB9D793765A}.Debug|Any CPU.ActiveCfg = Debug|Any CPU
		{EE59621B-C43E-47EA-8F99-4CB9D793765A}.Debug|Any CPU.Build.0 = Debug|Any CPU
		{EE59621B-C43E-47EA-8F99-4CB9D793765A}.Release|Any CPU.ActiveCfg = Release|Any CPU
		{EE59621B-C43E-47EA-8F99-4CB9D793765A}.Release|Any CPU.Build.0 = Release|Any CPU
		{4CFE1892-78A4-4041-96D8-A727058D0021}.Debug|Any CPU.ActiveCfg = Debug|Any CPU
		{4CFE1892-78A4-4041-96D8-A727058D0021}.Debug|Any CPU.Build.0 = Debug|Any CPU
		{4CFE1892-78A4-4041-96D8-A727058D0021}.Release|Any CPU.ActiveCfg = Release|Any CPU
		{4CFE1892-78A4-4041-96D8-A727058D0021}.Release|Any CPU.Build.0 = Release|Any CPU
	EndGlobalSection
	GlobalSection(SolutionProperties) = preSolution
		HideSolutionNode = FALSE
	EndGlobalSection
	GlobalSection(ExtensibilityGlobals) = postSolution
		SolutionGuid = {49551EDB-5B95-4E09-8405-46A229367F5A}
	EndGlobalSection
EndGlobal
